{
  "originHash" : "27735946ca2f859efd06cc2deab06cdd477d268fafa98f8e6e537b56d26d95a3",
  "pins" : [
    {
      "identity" : "dns",
      "kind" : "remoteSourceControl",
      "location" : "https://github.com/Bouke/DNS",
      "state" : {
        "revision" : "78bbd1589890a90b202d11d5f9e1297050cf0eb2",
        "version" : "1.2.0"
      }
    }
  ],
  "version" : 3
}
